// !$*UTF8*$!
{"archiveVersion" = 1;"classes" = {};"objectVersion" = 56;"objects" = {"CDA26CD574AAD247363F6952" = {"isa" = "PBXFileReference";"lastKnownFileType" = "text.plist.entitlements";"path" = "App/App.entitlements";"sourceTree" = "<group>";};"0D6A443466909CB250F64CA0" = {"isa" = "PBXFileReference";"lastKnownFileType" = "sourcecode.swift";"path" = "App/Core/Binning.swift";"sourceTree" = "<group>";};"5B452B995003D4AEEB3655D6" = {"isa" = "PBXFileReference";"lastKnownFileType" = "sourcecode.swift";"path" = "App/Core/CSVExport.swift";"sourceTree" = "<group>";};"A1D3E79EFC9720CF5AD5A023" = {"isa" = "PBXFileReference";"lastKnownFileType" = "sourcecode.swift";"path" = "App/Core/Health.swift";"sourceTree" = "<group>";};"57F3906F9CA11595C72B498F" = {"isa" = "PBXFileReference";"lastKnownFileType" = "sourcecode.swift";"path" = "App/Core/MinuteRecord.swift";"sourceTree" = "<group>";};"D801A42380ABB0ECB9ECE709" = {"isa" = "PBXFileReference";"lastKnownFileType" = "sourcecode.swift";"path" = "App/Core/SDLog.swift";"sourceTree" = "<group>";};"BF3EBA1FD7301F03B5240D69" = {"isa" = "PBXFileReference";"lastKnownFileType" = "text.plist.xml";"path" = "App/Info.plist";"sourceTree" = "<group>";};"8E2ACBD2C831ED0AF1A0BCE9" = {"isa" = "PBXFileReference";"lastKnownFileType" = "sourcecode.swift";"path" = "App/Intents/Shortcuts.swift";"sourceTree" = "<group>";};"507B821CADA5EC0DBDF232A8" = {"isa" = "PBXFileReference";"lastKnownFileType" = "sourcecode.swift";"path" = "App/Model/Models.swift";"sourceTree" = "<group>";};"4449D30CBE3B7942EB729236" = {"isa" = "PBXFileReference";"lastKnownFileType" = "sourcecode.swift";"path" = "App/Model/Tags.swift";"sourceTree" = "<group>";};"F5EA3BAD7F37F1CAE8780CB4" = {"isa" = "PBXFileReference";"lastKnownFileType" = "sourcecode.swift";"path" = "App/MuonApp.swift";"sourceTree" = "<group>";};"248B9F37483C1A36FD66F974" = {"isa" = "PBXFileReference";"lastKnownFileType" = "sourcecode.swift";"path" = "App/Services/Alerts.swift";"sourceTree" = "<group>";};"7CE9D6D7795B0C3C3852DC68" = {"isa" = "PBXFileReference";"lastKnownFileType" = "sourcecode.swift";"path" = "App/Services/AppModel.swift";"sourceTree" = "<group>";};"BBA0091725AF1E8425ADFC23" = {"isa" = "PBXFileReference";"lastKnownFileType" = "sourcecode.swift";"path" = "App/Services/CloudFolder.swift";"sourceTree" = "<group>";};"45819BC8AD45E0D61E1F7670" = {"isa" = "PBXFileReference";"lastKnownFileType" = "sourcecode.swift";"path" = "App/Services/Demo.swift";"sourceTree" = "<group>";};"B19D5F8F59E49333B02A68DF" = {"isa" = "PBXFileReference";"lastKnownFileType" = "sourcecode.swift";"path" = "App/Services/DetectorLink.swift";"sourceTree" = "<group>";};"632642E0E3643500034ED20F" = {"isa" = "PBXFileReference";"lastKnownFileType" = "sourcecode.swift";"path" = "App/Services/LiveActivityController.swift";"sourceTree" = "<group>";};"FB570C22734BFC80BF3B709C" = {"isa" = "PBXFileReference";"lastKnownFileType" = "sourcecode.swift";"path" = "App/Services/LocationTracker.swift";"sourceTree" = "<group>";};"C301BF389BEC0C8D70F52434" = {"isa" = "PBXFileReference";"lastKnownFileType" = "sourcecode.swift";"path" = "App/Views/CompareView.swift";"sourceTree" = "<group>";};"ED339E5821F3785612BB5EC9" = {"isa" = "PBXFileReference";"lastKnownFileType" = "sourcecode.swift";"path" = "App/Views/Components.swift";"sourceTree" = "<group>";};"6C512F6F9461B9C49941963D" = {"isa" = "PBXFileReference";"lastKnownFileType" = "sourcecode.swift";"path" = "App/Views/DetectorView.swift";"sourceTree" = "<group>";};"A690F197CF3B55B89C1DC5F9" = {"isa" = "PBXFileReference";"lastKnownFileType" = "sourcecode.swift";"path" = "App/Views/ExpertConsoleView.swift";"sourceTree" = "<group>";};"5B75CEEB6B05C41F91A20CE4" = {"isa" = "PBXFileReference";"lastKnownFileType" = "sourcecode.swift";"path" = "App/Views/NowView.swift";"sourceTree" = "<group>";};"2A16F0A7C964DAFC0B644ED5" = {"isa" = "PBXFileReference";"lastKnownFileType" = "sourcecode.swift";"path" = "App/Views/PairView.swift";"sourceTree" = "<group>";};"FA7C24287135C8985DBAC363" = {"isa" = "PBXFileReference";"lastKnownFileType" = "sourcecode.swift";"path" = "App/Views/RunDetailView.swift";"sourceTree" = "<group>";};"AA557F452E07652536A24374" = {"isa" = "PBXFileReference";"lastKnownFileType" = "sourcecode.swift";"path" = "App/Views/RunEditing.swift";"sourceTree" = "<group>";};"95541B7FD1F23E9A9B201ACF" = {"isa" = "PBXFileReference";"lastKnownFileType" = "sourcecode.swift";"path" = "App/Views/RunsView.swift";"sourceTree" = "<group>";};"E6723D6C0B118B9E778288DA" = {"isa" = "PBXFileReference";"lastKnownFileType" = "sourcecode.swift";"path" = "App/Views/SettingsView.swift";"sourceTree" = "<group>";};"6FBD7674108876DFB0CC200E" = {"isa" = "PBXFileReference";"lastKnownFileType" = "sourcecode.swift";"path" = "App/Views/ShareCard.swift";"sourceTree" = "<group>";};"14F7DA24A338A700AB06BEB2" = {"isa" = "PBXFileReference";"lastKnownFileType" = "sourcecode.swift";"path" = "App/Views/TrackPlate.swift";"sourceTree" = "<group>";};"2CA832C8DD1BCFB74AADD48E" = {"isa" = "PBXFileReference";"lastKnownFileType" = "text.xcconfig";"path" = "Config.xcconfig";"sourceTree" = "<group>";};"470AD526B3A4B8CA0ADFC09B" = {"isa" = "PBXFileReference";"lastKnownFileType" = "net.daringfireball.markdown";"path" = "README.md";"sourceTree" = "<group>";};"4FE3272E560243BEEE7A5C34" = {"isa" = "PBXFileReference";"lastKnownFileType" = "sourcecode.swift";"path" = "Shared/Intents.swift";"sourceTree" = "<group>";};"D4CE647B0CDDBA9D1DDFB634" = {"isa" = "PBXFileReference";"lastKnownFileType" = "sourcecode.swift";"path" = "Shared/MinuteBars.swift";"sourceTree" = "<group>";};"4BA12D29420C95D2F329F410" = {"isa" = "PBXFileReference";"lastKnownFileType" = "sourcecode.swift";"path" = "Shared/MuonActivity.swift";"sourceTree" = "<group>";};"35FB1D9CF9E72F76E8FB649A" = {"isa" = "PBXFileReference";"lastKnownFileType" = "sourcecode.swift";"path" = "Shared/Palette.swift";"sourceTree" = "<group>";};"FDD5722D03ECE9E532A7FCC9" = {"isa" = "PBXFileReference";"lastKnownFileType" = "sourcecode.swift";"path" = "Shared/SharedState.swift";"sourceTree" = "<group>";};"5DFD9A624BD6B04F24185023" = {"isa" = "PBXFileReference";"lastKnownFileType" = "sourcecode.swift";"path" = "Shared/Telemetry.swift";"sourceTree" = "<group>";};"C809A14C631E1AD888031FD0" = {"isa" = "PBXFileReference";"lastKnownFileType" = "sourcecode.swift";"path" = "Widget/HomeWidgets.swift";"sourceTree" = "<group>";};"52672FE39A75D031DD3772B4" = {"isa" = "PBXFileReference";"lastKnownFileType" = "text.plist.xml";"path" = "Widget/Info.plist";"sourceTree" = "<group>";};"E8FD36F31CF592220638BD2E" = {"isa" = "PBXFileReference";"lastKnownFileType" = "sourcecode.swift";"path" = "Widget/LiveActivityWidget.swift";"sourceTree" = "<group>";};"C3F2F246974143B09D5567A8" = {"isa" = "PBXFileReference";"lastKnownFileType" = "text.plist.entitlements";"path" = "Widget/Widget.entitlements";"sourceTree" = "<group>";};"F91288DB192297DC903FE08C" = {"isa" = "PBXFileReference";"explicitFileType" = "wrapper.application";"path" = "MuonMonitor.app";"sourceTree" = "BUILT_PRODUCTS_DIR";"includeInIndex" = 0;};"C846A9D32869F590D9009ABE" = {"isa" = "PBXFileReference";"explicitFileType" = "wrapper.app-extension";"path" = "MuonLive.appex";"sourceTree" = "BUILT_PRODUCTS_DIR";"includeInIndex" = 0;};"267AEBE1BACFD8AB573455B5" = {"isa" = "PBXGroup";"children" = ("CDA26CD574AAD247363F6952","0D6A443466909CB250F64CA0","5B452B995003D4AEEB3655D6","A1D3E79EFC9720CF5AD5A023","57F3906F9CA11595C72B498F","D801A42380ABB0ECB9ECE709","BF3EBA1FD7301F03B5240D69","8E2ACBD2C831ED0AF1A0BCE9","507B821CADA5EC0DBDF232A8","4449D30CBE3B7942EB729236","F5EA3BAD7F37F1CAE8780CB4","248B9F37483C1A36FD66F974","7CE9D6D7795B0C3C3852DC68","BBA0091725AF1E8425ADFC23","45819BC8AD45E0D61E1F7670","B19D5F8F59E49333B02A68DF","632642E0E3643500034ED20F","FB570C22734BFC80BF3B709C","C301BF389BEC0C8D70F52434","ED339E5821F3785612BB5EC9","6C512F6F9461B9C49941963D","A690F197CF3B55B89C1DC5F9","5B75CEEB6B05C41F91A20CE4","2A16F0A7C964DAFC0B644ED5","FA7C24287135C8985DBAC363","AA557F452E07652536A24374","95541B7FD1F23E9A9B201ACF","E6723D6C0B118B9E778288DA","6FBD7674108876DFB0CC200E","14F7DA24A338A700AB06BEB2");"name" = "App";"sourceTree" = "<group>";};"9D10A42589C8F5479091BEBD" = {"isa" = "PBXGroup";"children" = ("4FE3272E560243BEEE7A5C34","D4CE647B0CDDBA9D1DDFB634","4BA12D29420C95D2F329F410","35FB1D9CF9E72F76E8FB649A","FDD5722D03ECE9E532A7FCC9","5DFD9A624BD6B04F24185023");"name" = "Shared";"sourceTree" = "<group>";};"C1EF8ABC2ECA40E85960094B" = {"isa" = "PBXGroup";"children" = ("C809A14C631E1AD888031FD0","52672FE39A75D031DD3772B4","E8FD36F31CF592220638BD2E","C3F2F246974143B09D5567A8");"name" = "Widget";"sourceTree" = "<group>";};"D6CA3D976AC295F1ACAEFF78" = {"isa" = "PBXGroup";"children" = ("2CA832C8DD1BCFB74AADD48E","470AD526B3A4B8CA0ADFC09B");"name" = "Configuration";"sourceTree" = "<group>";};"1D5F545FBA1B7116946BB4C6" = {"isa" = "PBXGroup";"children" = ("F91288DB192297DC903FE08C","C846A9D32869F590D9009ABE");"name" = "Products";"sourceTree" = "<group>";};"4EAE695AD1F489F78EA3E1C6" = {"isa" = "PBXGroup";"children" = ("267AEBE1BACFD8AB573455B5","9D10A42589C8F5479091BEBD","C1EF8ABC2ECA40E85960094B","D6CA3D976AC295F1ACAEFF78","1D5F545FBA1B7116946BB4C6");"sourceTree" = "<group>";};"2498F69907FF8F5AD4383F18" = {"isa" = "XCBuildConfiguration";"baseConfigurationReference" = "2CA832C8DD1BCFB74AADD48E";"buildSettings" = {"SDKROOT" = "iphoneos";"IPHONEOS_DEPLOYMENT_TARGET" = "26.0";"SWIFT_VERSION" = "5.0";"TARGETED_DEVICE_FAMILY" = "1";"CODE_SIGN_STYLE" = "Automatic";"DEVELOPMENT_TEAM" = "$(MUON_TEAM)";"CLANG_ENABLE_MODULES" = "YES";"SWIFT_EMIT_LOC_STRINGS" = "YES";"ENABLE_USER_SCRIPT_SANDBOXING" = "YES";"CURRENT_PROJECT_VERSION" = "2";"MARKETING_VERSION" = "2.0";"SWIFT_ACTIVE_COMPILATION_CONDITIONS" = "DEBUG";"SWIFT_OPTIMIZATION_LEVEL" = "-Onone";"DEBUG_INFORMATION_FORMAT" = "dwarf";"ONLY_ACTIVE_ARCH" = "YES";"ENABLE_TESTABILITY" = "YES";"PRODUCT_NAME" = "MuonLive";"PRODUCT_BUNDLE_IDENTIFIER" = "$(MUON_BUNDLE_ID).Live";"INFOPLIST_FILE" = "Widget/Info.plist";"GENERATE_INFOPLIST_FILE" = "NO";"CODE_SIGN_ENTITLEMENTS" = "$(MUON_WIDGET_ENTITLEMENTS)";"LD_RUNPATH_SEARCH_PATHS" = ("$(inherited)","@executable_path/Frameworks","@executable_path/../../Frameworks");"SKIP_INSTALL" = "YES";"APPLICATION_EXTENSION_API_ONLY" = "YES";};"name" = "Debug";};"78B35B5DAB067E78A946D3A6" = {"isa" = "XCBuildConfiguration";"baseConfigurationReference" = "2CA832C8DD1BCFB74AADD48E";"buildSettings" = {"SDKROOT" = "iphoneos";"IPHONEOS_DEPLOYMENT_TARGET" = "26.0";"SWIFT_VERSION" = "5.0";"TARGETED_DEVICE_FAMILY" = "1";"CODE_SIGN_STYLE" = "Automatic";"DEVELOPMENT_TEAM" = "$(MUON_TEAM)";"CLANG_ENABLE_MODULES" = "YES";"SWIFT_EMIT_LOC_STRINGS" = "YES";"ENABLE_USER_SCRIPT_SANDBOXING" = "YES";"CURRENT_PROJECT_VERSION" = "2";"MARKETING_VERSION" = "2.0";"SWIFT_ACTIVE_COMPILATION_CONDITIONS" = "";"SWIFT_OPTIMIZATION_LEVEL" = "-O";"DEBUG_INFORMATION_FORMAT" = "dwarf-with-dsym";"PRODUCT_NAME" = "MuonLive";"PRODUCT_BUNDLE_IDENTIFIER" = "$(MUON_BUNDLE_ID).Live";"INFOPLIST_FILE" = "Widget/Info.plist";"GENERATE_INFOPLIST_FILE" = "NO";"CODE_SIGN_ENTITLEMENTS" = "$(MUON_WIDGET_ENTITLEMENTS)";"LD_RUNPATH_SEARCH_PATHS" = ("$(inherited)","@executable_path/Frameworks","@executable_path/../../Frameworks");"SKIP_INSTALL" = "YES";"APPLICATION_EXTENSION_API_ONLY" = "YES";};"name" = "Release";};"3F151163F18D9939F677F976" = {"isa" = "XCConfigurationList";"buildConfigurations" = ("2498F69907FF8F5AD4383F18","78B35B5DAB067E78A946D3A6");"defaultConfigurationIsVisible" = 0;"defaultConfigurationName" = "Release";};"B53EB6832F6B9A807C205BF3" = {"isa" = "PBXBuildFile";"fileRef" = "C809A14C631E1AD888031FD0";};"0961FD5FDF6D0FF75C2EE644" = {"isa" = "PBXBuildFile";"fileRef" = "E8FD36F31CF592220638BD2E";};"F20F23A66EB64465F7BB66A2" = {"isa" = "PBXBuildFile";"fileRef" = "35FB1D9CF9E72F76E8FB649A";};"F28A816117B3D9B27D0A6940" = {"isa" = "PBXBuildFile";"fileRef" = "4BA12D29420C95D2F329F410";};"38114C26B5183BCF323118FB" = {"isa" = "PBXBuildFile";"fileRef" = "FDD5722D03ECE9E532A7FCC9";};"9A3052A8610158FEF4691FA3" = {"isa" = "PBXBuildFile";"fileRef" = "4FE3272E560243BEEE7A5C34";};"45A751CE7D46E03B91C32B33" = {"isa" = "PBXBuildFile";"fileRef" = "D4CE647B0CDDBA9D1DDFB634";};"4685E8B8D0D77E7DE5A8F53B" = {"isa" = "PBXSourcesBuildPhase";"buildActionMask" = 2147483647;"files" = ("B53EB6832F6B9A807C205BF3","0961FD5FDF6D0FF75C2EE644","F20F23A66EB64465F7BB66A2","F28A816117B3D9B27D0A6940","38114C26B5183BCF323118FB","9A3052A8610158FEF4691FA3","45A751CE7D46E03B91C32B33");"runOnlyForDeploymentPostprocessing" = 0;};"1EFCA7551C416A3530120C3F" = {"isa" = "PBXFrameworksBuildPhase";"buildActionMask" = 2147483647;"files" = ();"runOnlyForDeploymentPostprocessing" = 0;};"2311EF936078C5A6C2CD89AB" = {"isa" = "PBXResourcesBuildPhase";"buildActionMask" = 2147483647;"files" = ();"runOnlyForDeploymentPostprocessing" = 0;};"5DC61D677659CB93EE502EBC" = {"isa" = "PBXNativeTarget";"name" = "MuonLive";"productName" = "MuonLive";"productReference" = "C846A9D32869F590D9009ABE";"productType" = "com.apple.product-type.app-extension";"buildRules" = ();"dependencies" = ();"buildConfigurationList" = "3F151163F18D9939F677F976";"buildPhases" = ("4685E8B8D0D77E7DE5A8F53B","1EFCA7551C416A3530120C3F","2311EF936078C5A6C2CD89AB");};"6DE1494D6B9BC63E3D72F64D" = {"isa" = "PBXContainerItemProxy";"containerPortal" = "46F86FAA6BBF9AC94A7E4595";"proxyType" = 1;"remoteGlobalIDString" = "5DC61D677659CB93EE502EBC";"remoteInfo" = "MuonLive";};"F67B138CE4CEA1825D4383CD" = {"isa" = "PBXTargetDependency";"target" = "5DC61D677659CB93EE502EBC";"targetProxy" = "6DE1494D6B9BC63E3D72F64D";};"5A840757FCE864AA333916D6" = {"isa" = "PBXBuildFile";"fileRef" = "C846A9D32869F590D9009ABE";"settings" = {"ATTRIBUTES" = ("RemoveHeadersOnCopy");};};"3769550BEC446D779F5C3557" = {"isa" = "PBXCopyFilesBuildPhase";"buildActionMask" = 2147483647;"dstPath" = "";"dstSubfolderSpec" = 13;"files" = ("5A840757FCE864AA333916D6");"name" = "Embed Foundation Extensions";"runOnlyForDeploymentPostprocessing" = 0;};"5EFECA87EDB6D40348F6D7C5" = {"isa" = "XCBuildConfiguration";"baseConfigurationReference" = "2CA832C8DD1BCFB74AADD48E";"buildSettings" = {"SDKROOT" = "iphoneos";"IPHONEOS_DEPLOYMENT_TARGET" = "26.0";"SWIFT_VERSION" = "5.0";"TARGETED_DEVICE_FAMILY" = "1";"CODE_SIGN_STYLE" = "Automatic";"DEVELOPMENT_TEAM" = "$(MUON_TEAM)";"CLANG_ENABLE_MODULES" = "YES";"SWIFT_EMIT_LOC_STRINGS" = "YES";"ENABLE_USER_SCRIPT_SANDBOXING" = "YES";"CURRENT_PROJECT_VERSION" = "2";"MARKETING_VERSION" = "2.0";"SWIFT_ACTIVE_COMPILATION_CONDITIONS" = "DEBUG";"SWIFT_OPTIMIZATION_LEVEL" = "-Onone";"DEBUG_INFORMATION_FORMAT" = "dwarf";"ONLY_ACTIVE_ARCH" = "YES";"ENABLE_TESTABILITY" = "YES";"PRODUCT_NAME" = "MuonMonitor";"PRODUCT_BUNDLE_IDENTIFIER" = "$(MUON_BUNDLE_ID)";"INFOPLIST_FILE" = "App/Info.plist";"GENERATE_INFOPLIST_FILE" = "NO";"CODE_SIGN_ENTITLEMENTS" = "$(MUON_APP_ENTITLEMENTS)";"LD_RUNPATH_SEARCH_PATHS" = ("$(inherited)","@executable_path/Frameworks","@executable_path/../../Frameworks");"SKIP_INSTALL" = "NO";};"name" = "Debug";};"A08235453F87891B35190264" = {"isa" = "XCBuildConfiguration";"baseConfigurationReference" = "2CA832C8DD1BCFB74AADD48E";"buildSettings" = {"SDKROOT" = "iphoneos";"IPHONEOS_DEPLOYMENT_TARGET" = "26.0";"SWIFT_VERSION" = "5.0";"TARGETED_DEVICE_FAMILY" = "1";"CODE_SIGN_STYLE" = "Automatic";"DEVELOPMENT_TEAM" = "$(MUON_TEAM)";"CLANG_ENABLE_MODULES" = "YES";"SWIFT_EMIT_LOC_STRINGS" = "YES";"ENABLE_USER_SCRIPT_SANDBOXING" = "YES";"CURRENT_PROJECT_VERSION" = "2";"MARKETING_VERSION" = "2.0";"SWIFT_ACTIVE_COMPILATION_CONDITIONS" = "";"SWIFT_OPTIMIZATION_LEVEL" = "-O";"DEBUG_INFORMATION_FORMAT" = "dwarf-with-dsym";"PRODUCT_NAME" = "MuonMonitor";"PRODUCT_BUNDLE_IDENTIFIER" = "$(MUON_BUNDLE_ID)";"INFOPLIST_FILE" = "App/Info.plist";"GENERATE_INFOPLIST_FILE" = "NO";"CODE_SIGN_ENTITLEMENTS" = "$(MUON_APP_ENTITLEMENTS)";"LD_RUNPATH_SEARCH_PATHS" = ("$(inherited)","@executable_path/Frameworks","@executable_path/../../Frameworks");"SKIP_INSTALL" = "NO";};"name" = "Release";};"6806CF7B08C9A4DEF250C948" = {"isa" = "XCConfigurationList";"buildConfigurations" = ("5EFECA87EDB6D40348F6D7C5","A08235453F87891B35190264");"defaultConfigurationIsVisible" = 0;"defaultConfigurationName" = "Release";};"5E1E69A382BA5445CAEA7D4F" = {"isa" = "PBXBuildFile";"fileRef" = "0D6A443466909CB250F64CA0";};"C548619F37C68057FA91BCC1" = {"isa" = "PBXBuildFile";"fileRef" = "5B452B995003D4AEEB3655D6";};"82B6D4646F6D9B84A0C01AE4" = {"isa" = "PBXBuildFile";"fileRef" = "A1D3E79EFC9720CF5AD5A023";};"EBC143B4574190A900648867" = {"isa" = "PBXBuildFile";"fileRef" = "57F3906F9CA11595C72B498F";};"855CE401EAD59A6C5A283DD0" = {"isa" = "PBXBuildFile";"fileRef" = "D801A42380ABB0ECB9ECE709";};"0E555AE6B4AF0E20F5079026" = {"isa" = "PBXBuildFile";"fileRef" = "8E2ACBD2C831ED0AF1A0BCE9";};"030F5900F18162B4C2C04E94" = {"isa" = "PBXBuildFile";"fileRef" = "507B821CADA5EC0DBDF232A8";};"B72C74A4413C78C12B21B60F" = {"isa" = "PBXBuildFile";"fileRef" = "4449D30CBE3B7942EB729236";};"9E4DD4405DBE6711873E7C99" = {"isa" = "PBXBuildFile";"fileRef" = "F5EA3BAD7F37F1CAE8780CB4";};"BEFEAE1FF1D1884F6980A52E" = {"isa" = "PBXBuildFile";"fileRef" = "248B9F37483C1A36FD66F974";};"6F699D36C01CAD190163DFD2" = {"isa" = "PBXBuildFile";"fileRef" = "7CE9D6D7795B0C3C3852DC68";};"A442A58C613221C49B648B68" = {"isa" = "PBXBuildFile";"fileRef" = "BBA0091725AF1E8425ADFC23";};"CB14A76492AD957556AF5249" = {"isa" = "PBXBuildFile";"fileRef" = "45819BC8AD45E0D61E1F7670";};"B1637C8FA0ABDEB991DFBFF5" = {"isa" = "PBXBuildFile";"fileRef" = "B19D5F8F59E49333B02A68DF";};"8AD2541312DD58E5E1D85064" = {"isa" = "PBXBuildFile";"fileRef" = "632642E0E3643500034ED20F";};"5D5D5DE50121358A8C1ED253" = {"isa" = "PBXBuildFile";"fileRef" = "FB570C22734BFC80BF3B709C";};"31E43936CF42BC40D3E055A7" = {"isa" = "PBXBuildFile";"fileRef" = "C301BF389BEC0C8D70F52434";};"54E95CD967512749BA9FFB5C" = {"isa" = "PBXBuildFile";"fileRef" = "ED339E5821F3785612BB5EC9";};"5CB56CCB628557007D15880C" = {"isa" = "PBXBuildFile";"fileRef" = "6C512F6F9461B9C49941963D";};"CF8E50B85080048A8A253854" = {"isa" = "PBXBuildFile";"fileRef" = "A690F197CF3B55B89C1DC5F9";};"92CEBE35BC50B3BCC0C5761B" = {"isa" = "PBXBuildFile";"fileRef" = "5B75CEEB6B05C41F91A20CE4";};"1C661AC32C0A035882D784F6" = {"isa" = "PBXBuildFile";"fileRef" = "2A16F0A7C964DAFC0B644ED5";};"15F61E978426095118CB4581" = {"isa" = "PBXBuildFile";"fileRef" = "FA7C24287135C8985DBAC363";};"4DEF0B105316E2D098DA6CEC" = {"isa" = "PBXBuildFile";"fileRef" = "AA557F452E07652536A24374";};"F26CBED0F29BEE7C9C282F33" = {"isa" = "PBXBuildFile";"fileRef" = "95541B7FD1F23E9A9B201ACF";};"8AFE6D0A6FA8DBD62B925D95" = {"isa" = "PBXBuildFile";"fileRef" = "E6723D6C0B118B9E778288DA";};"8E1E43ED0E0B60E4EDE49F46" = {"isa" = "PBXBuildFile";"fileRef" = "6FBD7674108876DFB0CC200E";};"D8684DEF71D7A84C671DEDB3" = {"isa" = "PBXBuildFile";"fileRef" = "14F7DA24A338A700AB06BEB2";};"64297FEBBE817C9ABDA02DB4" = {"isa" = "PBXBuildFile";"fileRef" = "4FE3272E560243BEEE7A5C34";};"E6B5F20DECE72A4756530C69" = {"isa" = "PBXBuildFile";"fileRef" = "D4CE647B0CDDBA9D1DDFB634";};"3E8049DA88A3E30D24F7996A" = {"isa" = "PBXBuildFile";"fileRef" = "4BA12D29420C95D2F329F410";};"9F7A7EE0D12D30E1C96C51FC" = {"isa" = "PBXBuildFile";"fileRef" = "35FB1D9CF9E72F76E8FB649A";};"112A787483E2240239560D8C" = {"isa" = "PBXBuildFile";"fileRef" = "FDD5722D03ECE9E532A7FCC9";};"9FB185841CCCF399D08F72DA" = {"isa" = "PBXBuildFile";"fileRef" = "5DFD9A624BD6B04F24185023";};"E619FD91F7807FBFE25AE60E" = {"isa" = "PBXSourcesBuildPhase";"buildActionMask" = 2147483647;"files" = ("5E1E69A382BA5445CAEA7D4F","C548619F37C68057FA91BCC1","82B6D4646F6D9B84A0C01AE4","EBC143B4574190A900648867","855CE401EAD59A6C5A283DD0","0E555AE6B4AF0E20F5079026","030F5900F18162B4C2C04E94","B72C74A4413C78C12B21B60F","9E4DD4405DBE6711873E7C99","BEFEAE1FF1D1884F6980A52E","6F699D36C01CAD190163DFD2","A442A58C613221C49B648B68","CB14A76492AD957556AF5249","B1637C8FA0ABDEB991DFBFF5","8AD2541312DD58E5E1D85064","5D5D5DE50121358A8C1ED253","31E43936CF42BC40D3E055A7","54E95CD967512749BA9FFB5C","5CB56CCB628557007D15880C","CF8E50B85080048A8A253854","92CEBE35BC50B3BCC0C5761B","1C661AC32C0A035882D784F6","15F61E978426095118CB4581","4DEF0B105316E2D098DA6CEC","F26CBED0F29BEE7C9C282F33","8AFE6D0A6FA8DBD62B925D95","8E1E43ED0E0B60E4EDE49F46","D8684DEF71D7A84C671DEDB3","64297FEBBE817C9ABDA02DB4","E6B5F20DECE72A4756530C69","3E8049DA88A3E30D24F7996A","9F7A7EE0D12D30E1C96C51FC","112A787483E2240239560D8C","9FB185841CCCF399D08F72DA");"runOnlyForDeploymentPostprocessing" = 0;};"42D1D5DEA2E8573DBF31740A" = {"isa" = "PBXFrameworksBuildPhase";"buildActionMask" = 2147483647;"files" = ();"runOnlyForDeploymentPostprocessing" = 0;};"DBCB6FBE9174F32D57D467AD" = {"isa" = "PBXResourcesBuildPhase";"buildActionMask" = 2147483647;"files" = ();"runOnlyForDeploymentPostprocessing" = 0;};"ACC9652797AB670E77D9DAEA" = {"isa" = "PBXNativeTarget";"name" = "MuonMonitor";"productName" = "MuonMonitor";"productReference" = "F91288DB192297DC903FE08C";"productType" = "com.apple.product-type.application";"buildRules" = ();"dependencies" = ("F67B138CE4CEA1825D4383CD");"buildConfigurationList" = "6806CF7B08C9A4DEF250C948";"buildPhases" = ("E619FD91F7807FBFE25AE60E","42D1D5DEA2E8573DBF31740A","DBCB6FBE9174F32D57D467AD","3769550BEC446D779F5C3557");};"D48F58F8CA231B2301441318" = {"isa" = "XCBuildConfiguration";"baseConfigurationReference" = "2CA832C8DD1BCFB74AADD48E";"buildSettings" = {"SDKROOT" = "iphoneos";"IPHONEOS_DEPLOYMENT_TARGET" = "26.0";"SWIFT_VERSION" = "5.0";"TARGETED_DEVICE_FAMILY" = "1";"CODE_SIGN_STYLE" = "Automatic";"DEVELOPMENT_TEAM" = "$(MUON_TEAM)";"CLANG_ENABLE_MODULES" = "YES";"SWIFT_EMIT_LOC_STRINGS" = "YES";"ENABLE_USER_SCRIPT_SANDBOXING" = "YES";"CURRENT_PROJECT_VERSION" = "2";"MARKETING_VERSION" = "2.0";"SWIFT_ACTIVE_COMPILATION_CONDITIONS" = "DEBUG";"SWIFT_OPTIMIZATION_LEVEL" = "-Onone";"DEBUG_INFORMATION_FORMAT" = "dwarf";"ONLY_ACTIVE_ARCH" = "YES";"ENABLE_TESTABILITY" = "YES";};"name" = "Debug";};"6AFE22E70BE079CBB63426F8" = {"isa" = "XCBuildConfiguration";"baseConfigurationReference" = "2CA832C8DD1BCFB74AADD48E";"buildSettings" = {"SDKROOT" = "iphoneos";"IPHONEOS_DEPLOYMENT_TARGET" = "26.0";"SWIFT_VERSION" = "5.0";"TARGETED_DEVICE_FAMILY" = "1";"CODE_SIGN_STYLE" = "Automatic";"DEVELOPMENT_TEAM" = "$(MUON_TEAM)";"CLANG_ENABLE_MODULES" = "YES";"SWIFT_EMIT_LOC_STRINGS" = "YES";"ENABLE_USER_SCRIPT_SANDBOXING" = "YES";"CURRENT_PROJECT_VERSION" = "2";"MARKETING_VERSION" = "2.0";"SWIFT_ACTIVE_COMPILATION_CONDITIONS" = "";"SWIFT_OPTIMIZATION_LEVEL" = "-O";"DEBUG_INFORMATION_FORMAT" = "dwarf-with-dsym";};"name" = "Release";};"A1806D8FE767B99D399E13F3" = {"isa" = "XCConfigurationList";"buildConfigurations" = ("D48F58F8CA231B2301441318","6AFE22E70BE079CBB63426F8");"defaultConfigurationIsVisible" = 0;"defaultConfigurationName" = "Release";};"46F86FAA6BBF9AC94A7E4595" = {"isa" = "PBXProject";"attributes" = {"LastUpgradeCheck" = "2700";"BuildIndependentTargetsInParallel" = "YES";"TargetAttributes" = {"ACC9652797AB670E77D9DAEA" = {"CreatedOnToolsVersion" = "27.0";};"5DC61D677659CB93EE502EBC" = {"CreatedOnToolsVersion" = "27.0";};};};"buildConfigurationList" = "A1806D8FE767B99D399E13F3";"compatibilityVersion" = "Xcode 14.0";"developmentRegion" = "en";"hasScannedForEncodings" = 0;"knownRegions" = ("en","Base");"mainGroup" = "4EAE695AD1F489F78EA3E1C6";"productRefGroup" = "1D5F545FBA1B7116946BB4C6";"projectDirPath" = "";"projectRoot" = "";"targets" = ("ACC9652797AB670E77D9DAEA","5DC61D677659CB93EE502EBC");};};"rootObject" = "46F86FAA6BBF9AC94A7E4595";}
